
Microsoft Visual Studio Solution File, Format Version 11.00
# Visual Studio 2010
Project("{FAE04EC0-301F-11D3-BF4B-00C04F79EFBC}") = "studioc1", "studioc1\studioc1.csproj", "{F2FFEA51-DCB0-43E3-9464-34CEA2F112DB}"
EndProject
Global
	GlobalSection(SolutionConfigurationPlatforms) = preSolution
		Debug|Any CPU = Debug|Any CPU
		Release|Any CPU = Release|Any CPU
	EndGlobalSection
	GlobalSection(ProjectConfigurationPlatforms) = postSolution
		{F2FFEA51-DCB0-43E3-9464-34CEA2F112DB}.Debug|Any CPU.ActiveCfg = Debug|Any CPU
		{F2FFEA51-DCB0-43E3-9464-34CEA2F112DB}.Debug|Any CPU.Build.0 = Debug|Any CPU
		{F2FFEA51-DCB0-43E3-9464-34CEA2F112DB}.Release|Any CPU.ActiveCfg = Release|Any CPU
		{F2FFEA51-DCB0-43E3-9464-34CEA2F112DB}.Release|Any CPU.Build.0 = Release|Any CPU
	EndGlobalSection
	GlobalSection(SolutionProperties) = preSolution
		HideSolutionNode = FALSE
	EndGlobalSection
EndGlobal
